
Microsoft Visual Studio Solution File, Format Version 12.00
# Visual Studio Version 17
VisualStudioVersion = 17.5.33424.131
MinimumVisualStudioVersion = 10.0.40219.1
Project("{8BC9CEB8-8B4A-11D0-8D11-00A0C91BC942}") = "ex1008", "ex1008\ex1008.vcxproj", "{9015B93C-BE7A-494A-B7FE-087A817D916A}"
EndProject
Project("{8BC9CEB8-8B4A-11D0-8D11-00A0C91BC942}") = "ex1330", "ex1330\ex1330.vcxproj", "{56555855-AB32-4A6D-B17B-FEB9014F276C}"
EndProject
Project("{8BC9CEB8-8B4A-11D0-8D11-00A0C91BC942}") = "ex2438", "ex2438\ex2438.vcxproj", "{90961B5A-4919-4455-AEE5-CB92B1FEBF41}"
EndProject
Project("{8BC9CEB8-8B4A-11D0-8D11-00A0C91BC942}") = "ex2798", "ex2798\ex2798.vcxproj", "{7B5F0995-D790-49EF-9551-BF830BC0DFF2}"
EndProject
Project("{8BC9CEB8-8B4A-11D0-8D11-00A0C91BC942}") = "Ex8393", "Ex8393\Ex8393.vcxproj", "{F0BAE739-6E39-405A-AE44-F06A33423A5D}"
EndProject
Project("{8BC9CEB8-8B4A-11D0-8D11-00A0C91BC942}") = "Ex1259", "Ex1259\Ex1259.vcxproj", "{9CE57D12-BA91-4BD9-A0E2-4EDBCAEFE577}"
EndProject
Project("{8BC9CEB8-8B4A-11D0-8D11-00A0C91BC942}") = "Ex10039", "Ex10039\Ex10039.vcxproj", "{9D25BF82-ABF9-4F95-AA05-CA89AEA995AD}"
EndProject
Project("{8BC9CEB8-8B4A-11D0-8D11-00A0C91BC942}") = "Ex2739", "Ex2739\Ex2739.vcxproj", "{38C6D1CC-366B-48B5-B3F4-B2C473E03364}"
EndProject
Project("{8BC9CEB8-8B4A-11D0-8D11-00A0C91BC942}") = "Ex2609", "Ex2609\Ex2609.vcxproj", "{5871565A-04D0-41ED-B884-36F81F2834C1}"
EndProject
Project("{8BC9CEB8-8B4A-11D0-8D11-00A0C91BC942}") = "Ex2557", "Ex2557\Ex2557.vcxproj", "{7965383C-C442-4426-A723-51BA8140ED7B}"
EndProject
Project("{8BC9CEB8-8B4A-11D0-8D11-00A0C91BC942}") = "Ex1000", "Ex1000\Ex1000.vcxproj", "{394BCEE7-C4DA-4F24-B93F-B6B0FA229C11}"
EndProject
Project("{8BC9CEB8-8B4A-11D0-8D11-00A0C91BC942}") = "Ex1001", "Ex1001\Ex1001.vcxproj", "{960C0695-FD5B-43A5-B6E8-3211E271D6DF}"
EndProject
Project("{8BC9CEB8-8B4A-11D0-8D11-00A0C91BC942}") = "Ex10998", "Ex10998\Ex10998.vcxproj", "{FE025658-27D7-4FFC-8249-93F0A23B28AD}"
EndProject
Global
	GlobalSection(SolutionConfigurationPlatforms) = preSolution
		Debug|x64 = Debug|x64
		Debug|x86 = Debug|x86
		Release|x64 = Release|x64
		Release|x86 = Release|x86
	EndGlobalSection
	GlobalSection(ProjectConfigurationPlatforms) = postSolution
		{9015B93C-BE7A-494A-B7FE-087A817D916A}.Debug|x64.ActiveCfg = Debug|x64
		{9015B93C-BE7A-494A-B7FE-087A817D916A}.Debug|x64.Build.0 = Debug|x64
		{9015B93C-BE7A-494A-B7FE-087A817D916A}.Debug|x86.ActiveCfg = Debug|Win32
		{9015B93C-BE7A-494A-B7FE-087A817D916A}.Debug|x86.Build.0 = Debug|Win32
		{9015B93C-BE7A-494A-B7FE-087A817D916A}.Release|x64.ActiveCfg = Release|x64
		{9015B93C-BE7A-494A-B7FE-087A817D916A}.Release|x64.Build.0 = Release|x64
		{9015B93C-BE7A-494A-B7FE-087A817D916A}.Release|x86.ActiveCfg = Release|Win32
		{9015B93C-BE7A-494A-B7FE-087A817D916A}.Release|x86.Build.0 = Release|Win32
		{56555855-AB32-4A6D-B17B-FEB9014F276C}.Debug|x64.ActiveCfg = Debug|x64
		{56555855-AB32-4A6D-B17B-FEB9014F276C}.Debug|x64.Build.0 = Debug|x64
		{56555855-AB32-4A6D-B17B-FEB9014F276C}.Debug|x86.ActiveCfg = Debug|Win32
		{56555855-AB32-4A6D-B17B-FEB9014F276C}.Debug|x86.Build.0 = Debug|Win32
		{56555855-AB32-4A6D-B17B-FEB9014F276C}.Release|x64.ActiveCfg = Release|x64
		{56555855-AB32-4A6D-B17B-FEB9014F276C}.Release|x64.Build.0 = Release|x64
		{56555855-AB32-4A6D-B17B-FEB9014F276C}.Release|x86.ActiveCfg = Release|Win32
		{56555855-AB32-4A6D-B17B-FEB9014F276C}.Release|x86.Build.0 = Release|Win32
		{90961B5A-4919-4455-AEE5-CB92B1FEBF41}.Debug|x64.ActiveCfg = Debug|x64
		{90961B5A-4919-4455-AEE5-CB92B1FEBF41}.Debug|x64.Build.0 = Debug|x64
		{90961B5A-4919-4455-AEE5-CB92B1FEBF41}.Debug|x86.ActiveCfg = Debug|Win32
		{90961B5A-4919-4455-AEE5-CB92B1FEBF41}.Debug|x86.Build.0 = Debug|Win32
		{90961B5A-4919-4455-AEE5-CB92B1FEBF41}.Release|x64.ActiveCfg = Release|x64
		{90961B5A-4919-4455-AEE5-CB92B1FEBF41}.Release|x64.Build.0 = Release|x64
		{90961B5A-4919-4455-AEE5-CB92B1FEBF41}.Release|x86.ActiveCfg = Release|Win32
		{90961B5A-4919-4455-AEE5-CB92B1FEBF41}.Release|x86.Build.0 = Release|Win32
		{7B5F0995-D790-49EF-9551-BF830BC0DFF2}.Debug|x64.ActiveCfg = Debug|x64
		{7B5F0995-D790-49EF-9551-BF830BC0DFF2}.Debug|x64.Build.0 = Debug|x64
		{7B5F0995-D790-49EF-9551-BF830BC0DFF2}.Debug|x86.ActiveCfg = Debug|Win32
		{7B5F0995-D790-49EF-9551-BF830BC0DFF2}.Debug|x86.Build.0 = Debug|Win32
		{7B5F0995-D790-49EF-9551-BF830BC0DFF2}.Release|x64.ActiveCfg = Release|x64
		{7B5F0995-D790-49EF-9551-BF830BC0DFF2}.Release|x64.Build.0 = Release|x64
		{7B5F0995-D790-49EF-9551-BF830BC0DFF2}.Release|x86.ActiveCfg = Release|Win32
		{7B5F0995-D790-49EF-9551-BF830BC0DFF2}.Release|x86.Build.0 = Release|Win32
		{F0BAE739-6E39-405A-AE44-F06A33423A5D}.Debug|x64.ActiveCfg = Debug|x64
		{F0BAE739-6E39-405A-AE44-F06A33423A5D}.Debug|x64.Build.0 = Debug|x64
		{F0BAE739-6E39-405A-AE44-F06A33423A5D}.Debug|x86.ActiveCfg = Debug|Win32
		{F0BAE739-6E39-405A-AE44-F06A33423A5D}.Debug|x86.Build.0 = Debug|Win32
		{F0BAE739-6E39-405A-AE44-F06A33423A5D}.Release|x64.ActiveCfg = Release|x64
		{F0BAE739-6E39-405A-AE44-F06A33423A5D}.Release|x64.Build.0 = Release|x64
		{F0BAE739-6E39-405A-AE44-F06A33423A5D}.Release|x86.ActiveCfg = Release|Win32
		{F0BAE739-6E39-405A-AE44-F06A33423A5D}.Release|x86.Build.0 = Release|Win32
		{9CE57D12-BA91-4BD9-A0E2-4EDBCAEFE577}.Debug|x64.ActiveCfg = Debug|x64
		{9CE57D12-BA91-4BD9-A0E2-4EDBCAEFE577}.Debug|x64.Build.0 = Debug|x64
		{9CE57D12-BA91-4BD9-A0E2-4EDBCAEFE577}.Debug|x86.ActiveCfg = Debug|Win32
		{9CE57D12-BA91-4BD9-A0E2-4EDBCAEFE577}.Debug|x86.Build.0 = Debug|Win32
		{9CE57D12-BA91-4BD9-A0E2-4EDBCAEFE577}.Release|x64.ActiveCfg = Release|x64
		{9CE57D12-BA91-4BD9-A0E2-4EDBCAEFE577}.Release|x64.Build.0 = Release|x64
		{9CE57D12-BA91-4BD9-A0E2-4EDBCAEFE577}.Release|x86.ActiveCfg = Release|Win32
		{9CE57D12-BA91-4BD9-A0E2-4EDBCAEFE577}.Release|x86.Build.0 = Release|Win32
		{9D25BF82-ABF9-4F95-AA05-CA89AEA995AD}.Debug|x64.ActiveCfg = Debug|x64
		{9D25BF82-ABF9-4F95-AA05-CA89AEA995AD}.Debug|x64.Build.0 = Debug|x64
		{9D25BF82-ABF9-4F95-AA05-CA89AEA995AD}.Debug|x86.ActiveCfg = Debug|Win32
		{9D25BF82-ABF9-4F95-AA05-CA89AEA995AD}.Debug|x86.Build.0 = Debug|Win32
		{9D25BF82-ABF9-4F95-AA05-CA89AEA995AD}.Release|x64.ActiveCfg = Release|x64
		{9D25BF82-ABF9-4F95-AA05-CA89AEA995AD}.Release|x64.Build.0 = Release|x64
		{9D25BF82-ABF9-4F95-AA05-CA89AEA995AD}.Release|x86.ActiveCfg = Release|Win32
		{9D25BF82-ABF9-4F95-AA05-CA89AEA995AD}.Release|x86.Build.0 = Release|Win32
		{38C6D1CC-366B-48B5-B3F4-B2C473E03364}.Debug|x64.ActiveCfg = Debug|x64
		{38C6D1CC-366B-48B5-B3F4-B2C473E03364}.Debug|x64.Build.0 = Debug|x64
		{38C6D1CC-366B-48B5-B3F4-B2C473E03364}.Debug|x86.ActiveCfg = Debug|Win32
		{38C6D1CC-366B-48B5-B3F4-B2C473E03364}.Debug|x86.Build.0 = Debug|Win32
		{38C6D1CC-366B-48B5-B3F4-B2C473E03364}.Release|x64.ActiveCfg = Release|x64
		{38C6D1CC-366B-48B5-B3F4-B2C473E03364}.Release|x64.Build.0 = Release|x64
		{38C6D1CC-366B-48B5-B3F4-B2C473E03364}.Release|x86.ActiveCfg = Release|Win32
		{38C6D1CC-366B-48B5-B3F4-B2C473E03364}.Release|x86.Build.0 = Release|Win32
		{5871565A-04D0-41ED-B884-36F81F2834C1}.Debug|x64.ActiveCfg = Debug|x64
		{5871565A-04D0-41ED-B884-36F81F2834C1}.Debug|x64.Build.0 = Debug|x64
		{5871565A-04D0-41ED-B884-36F81F2834C1}.Debug|x86.ActiveCfg = Debug|Win32
		{5871565A-04D0-41ED-B884-36F81F2834C1}.Debug|x86.Build.0 = Debug|Win32
		{5871565A-04D0-41ED-B884-36F81F2834C1}.Release|x64.ActiveCfg = Release|x64
		{5871565A-04D0-41ED-B884-36F81F2834C1}.Release|x64.Build.0 = Release|x64
		{5871565A-04D0-41ED-B884-36F81F2834C1}.Release|x86.ActiveCfg = Release|Win32
		{5871565A-04D0-41ED-B884-36F81F2834C1}.Release|x86.Build.0 = Release|Win32
		{7965383C-C442-4426-A723-51BA8140ED7B}.Debug|x64.ActiveCfg = Debug|x64
		{7965383C-C442-4426-A723-51BA8140ED7B}.Debug|x64.Build.0 = Debug|x64
		{7965383C-C442-4426-A723-51BA8140ED7B}.Debug|x86.ActiveCfg = Debug|Win32
		{7965383C-C442-4426-A723-51BA8140ED7B}.Debug|x86.Build.0 = Debug|Win32
		{7965383C-C442-4426-A723-51BA8140ED7B}.Release|x64.ActiveCfg = Release|x64
		{7965383C-C442-4426-A723-51BA8140ED7B}.Release|x64.Build.0 = Release|x64
		{7965383C-C442-4426-A723-51BA8140ED7B}.Release|x86.ActiveCfg = Release|Win32
		{7965383C-C442-4426-A723-51BA8140ED7B}.Release|x86.Build.0 = Release|Win32
		{394BCEE7-C4DA-4F24-B93F-B6B0FA229C11}.Debug|x64.ActiveCfg = Debug|x64
		{394BCEE7-C4DA-4F24-B93F-B6B0FA229C11}.Debug|x64.Build.0 = Debug|x64
		{394BCEE7-C4DA-4F24-B93F-B6B0FA229C11}.Debug|x86.ActiveCfg = Debug|Win32
		{394BCEE7-C4DA-4F24-B93F-B6B0FA229C11}.Debug|x86.Build.0 = Debug|Win32
		{394BCEE7-C4DA-4F24-B93F-B6B0FA229C11}.Release|x64.ActiveCfg = Release|x64
		{394BCEE7-C4DA-4F24-B93F-B6B0FA229C11}.Release|x64.Build.0 = Release|x64
		{394BCEE7-C4DA-4F24-B93F-B6B0FA229C11}.Release|x86.ActiveCfg = Release|Win32
		{394BCEE7-C4DA-4F24-B93F-B6B0FA229C11}.Release|x86.Build.0 = Release|Win32
		{960C0695-FD5B-43A5-B6E8-3211E271D6DF}.Debug|x64.ActiveCfg = Debug|x64
		{960C0695-FD5B-43A5-B6E8-3211E271D6DF}.Debug|x64.Build.0 = Debug|x64
		{960C0695-FD5B-43A5-B6E8-3211E271D6DF}.Debug|x86.ActiveCfg = Debug|Win32
		{960C0695-FD5B-43A5-B6E8-3211E271D6DF}.Debug|x86.Build.0 = Debug|Win32
		{960C0695-FD5B-43A5-B6E8-3211E271D6DF}.Release|x64.ActiveCfg = Release|x64
		{960C0695-FD5B-43A5-B6E8-3211E271D6DF}.Release|x64.Build.0 = Release|x64
		{960C0695-FD5B-43A5-B6E8-3211E271D6DF}.Release|x86.ActiveCfg = Release|Win32
		{960C0695-FD5B-43A5-B6E8-3211E271D6DF}.Release|x86.Build.0 = Release|Win32
		{FE025658-27D7-4FFC-8249-93F0A23B28AD}.Debug|x64.ActiveCfg = Debug|x64
		{FE025658-27D7-4FFC-8249-93F0A23B28AD}.Debug|x64.Build.0 = Debug|x64
		{FE025658-27D7-4FFC-8249-93F0A23B28AD}.Debug|x86.ActiveCfg = Debug|Win32
		{FE025658-27D7-4FFC-8249-93F0A23B28AD}.Debug|x86.Build.0 = Debug|Win32
		{FE025658-27D7-4FFC-8249-93F0A23B28AD}.Release|x64.ActiveCfg = Release|x64
		{FE025658-27D7-4FFC-8249-93F0A23B28AD}.Release|x64.Build.0 = Release|x64
		{FE025658-27D7-4FFC-8249-93F0A23B28AD}.Release|x86.ActiveCfg = Release|Win32
		{FE025658-27D7-4FFC-8249-93F0A23B28AD}.Release|x86.Build.0 = Release|Win32
	EndGlobalSection
	GlobalSection(SolutionProperties) = preSolution
		HideSolutionNode = FALSE
	EndGlobalSection
	GlobalSection(ExtensibilityGlobals) = postSolution
		SolutionGuid = {79CD7625-1925-4496-9D11-69E0DD02D0A6}
	EndGlobalSection
EndGlobal
