
Microsoft Visual Studio Solution File, Format Version 12.00
# Visual Studio Version 17
VisualStudioVersion = 17.5.33424.131
MinimumVisualStudioVersion = 10.0.40219.1
Project("{8BC9CEB8-8B4A-11D0-8D11-00A0C91BC942}") = "ex1008", "ex1008\ex1008.vcxproj", "{9015B93C-BE7A-494A-B7FE-087A817D916A}"
EndProject
Project("{8BC9CEB8-8B4A-11D0-8D11-00A0C91BC942}") = "ex1330", "ex1330\ex1330.vcxproj", "{56555855-AB32-4A6D-B17B-FEB9014F276C}"
EndProject
Project("{8BC9CEB8-8B4A-11D0-8D11-00A0C91BC942}") = "ex2438", "ex2438\ex2438.vcxproj", "{90961B5A-4919-4455-AEE5-CB92B1FEBF41}"
EndProject
Project("{8BC9CEB8-8B4A-11D0-8D11-00A0C91BC942}") = "ex2798", "ex2798\ex2798.vcxproj", "{7B5F0995-D790-49EF-9551-BF830BC0DFF2}"
EndProject
Project("{8BC9CEB8-8B4A-11D0-8D11-00A0C91BC942}") = "Ex8393", "Ex8393\Ex8393.vcxproj", "{F0BAE739-6E39-405A-AE44-F06A33423A5D}"
EndProject
Project("{8BC9CEB8-8B4A-11D0-8D11-00A0C91BC942}") = "Ex1259", "Ex1259\Ex1259.vcxproj", "{9CE57D12-BA91-4BD9-A0E2-4EDBCAEFE577}"
EndProject
Project("{8BC9CEB8-8B4A-11D0-8D11-00A0C91BC942}") = "Ex10039", "Ex10039\Ex10039.vcxproj", "{9D25BF82-ABF9-4F95-AA05-CA89AEA995AD}"
EndProject
Project("{8BC9CEB8-8B4A-11D0-8D11-00A0C91BC942}") = "Ex2739", "Ex2739\Ex2739.vcxproj", "{38C6D1CC-366B-48B5-B3F4-B2C473E03364}"
EndProject
Project("{8BC9CEB8-8B4A-11D0-8D11-00A0C91BC942}") = "Ex2609", "Ex2609\Ex2609.vcxproj", "{5871565A-04D0-41ED-B884-36F81F2834C1}"
EndProject
Project("{8BC9CEB8-8B4A-11D0-8D11-00A0C91BC942}") = "Ex2557", "Ex2557\Ex2557.vcxproj", "{7965383C-C442-4426-A723-51BA8140ED7B}"
EndProject
Project("{8BC9CEB8-8B4A-11D0-8D11-00A0C91BC942}") = "Ex1000", "Ex1000\Ex1000.vcxproj", "{394BCEE7-C4DA-4F24-B93F-B6B0FA229C11}"
EndProject
Project("{8BC9CEB8-8B4A-11D0-8D11-00A0C91BC942}") = "Ex1001", "Ex1001\Ex1001.vcxproj", "{960C0695-FD5B-43A5-B6E8-3211E271D6DF}"
EndProject
Project("{8BC9CEB8-8B4A-11D0-8D11-00A0C91BC942}") = "Ex10998", "Ex10998\Ex10998.vcxproj", "{FE025658-27D7-4FFC-8249-93F0A23B28AD}"
EndProject
Project("{8BC9CEB8-8B4A-11D0-8D11-00A0C91BC942}") = "Ex1237", "Ex1237\Ex1237.vcxproj", "{DAC1E12F-9112-49D4-BD6A-0C06AE1DF974}"
EndProject
Project("{8BC9CEB8-8B4A-11D0-8D11-00A0C91BC942}") = "Ex1152", "Ex1152\Ex1152.vcxproj", "{69868920-9C1B-4CF6-AA0C-FEB09F19F704}"
EndProject
Project("{8BC9CEB8-8B4A-11D0-8D11-00A0C91BC942}") = "Ex2588", "Ex2588\Ex2588.vcxproj", "{2DA550B8-EE8C-4407-B0C9-E801A818D0D0}"
EndProject
Project("{8BC9CEB8-8B4A-11D0-8D11-00A0C91BC942}") = "Ex2753", "Ex2753\Ex2753.vcxproj", "{5A7EF700-BA5D-448E-8566-1B672945796B}"
EndProject
Project("{8BC9CEB8-8B4A-11D0-8D11-00A0C91BC942}") = "Ex2741", "Ex2741\Ex2741.vcxproj", "{8D4250E7-08F8-47DF-80C5-8392DDB45BF5}"
EndProject
Project("{8BC9CEB8-8B4A-11D0-8D11-00A0C91BC942}") = "Ex1018", "Ex1018\Ex1018.vcxproj", "{F65DFB5B-E19D-4C56-A6B9-4B519D0218EA}"
EndProject
Project("{8BC9CEB8-8B4A-11D0-8D11-00A0C91BC942}") = "Ex10869", "Ex10869\Ex10869.vcxproj", "{53F99387-E3FD-4429-9B4D-34EFAF92B058}"
EndProject
Project("{8BC9CEB8-8B4A-11D0-8D11-00A0C91BC942}") = "Ex10926", "Ex10926\Ex10926.vcxproj", "{87512508-92D1-46A4-B760-D0EC3781F03F}"
EndProject
Project("{8BC9CEB8-8B4A-11D0-8D11-00A0C91BC942}") = "Ex18108", "Ex18108\Ex18108.vcxproj", "{F80AD27A-26CC-4637-A00F-39C63719DDC2}"
EndProject
Project("{8BC9CEB8-8B4A-11D0-8D11-00A0C91BC942}") = "Ex10430", "Ex10430\Ex10430.vcxproj", "{BA9D9A55-BC22-462C-9ECD-3E2284EF0412}"
EndProject
Project("{8BC9CEB8-8B4A-11D0-8D11-00A0C91BC942}") = "Ex11382", "Ex11382\Ex11382.vcxproj", "{42FB5A95-7161-497E-BC14-C4C607BB665C}"
EndProject
Project("{8BC9CEB8-8B4A-11D0-8D11-00A0C91BC942}") = "Ex10171", "Ex10171\Ex10171.vcxproj", "{C3F7A600-F38D-44E7-8D75-0143F5B5F539}"
EndProject
Project("{8BC9CEB8-8B4A-11D0-8D11-00A0C91BC942}") = "Ex10172", "Ex10172\Ex10172.vcxproj", "{240DEA67-5577-4703-A2AB-BED476163B13}"
EndProject
Global
	GlobalSection(SolutionConfigurationPlatforms) = preSolution
		Debug|x64 = Debug|x64
		Debug|x86 = Debug|x86
		Release|x64 = Release|x64
		Release|x86 = Release|x86
	EndGlobalSection
	GlobalSection(ProjectConfigurationPlatforms) = postSolution
		{9015B93C-BE7A-494A-B7FE-087A817D916A}.Debug|x64.ActiveCfg = Debug|x64
		{9015B93C-BE7A-494A-B7FE-087A817D916A}.Debug|x64.Build.0 = Debug|x64
		{9015B93C-BE7A-494A-B7FE-087A817D916A}.Debug|x86.ActiveCfg = Debug|Win32
		{9015B93C-BE7A-494A-B7FE-087A817D916A}.Debug|x86.Build.0 = Debug|Win32
		{9015B93C-BE7A-494A-B7FE-087A817D916A}.Release|x64.ActiveCfg = Release|x64
		{9015B93C-BE7A-494A-B7FE-087A817D916A}.Release|x64.Build.0 = Release|x64
		{9015B93C-BE7A-494A-B7FE-087A817D916A}.Release|x86.ActiveCfg = Release|Win32
		{9015B93C-BE7A-494A-B7FE-087A817D916A}.Release|x86.Build.0 = Release|Win32
		{56555855-AB32-4A6D-B17B-FEB9014F276C}.Debug|x64.ActiveCfg = Debug|x64
		{56555855-AB32-4A6D-B17B-FEB9014F276C}.Debug|x64.Build.0 = Debug|x64
		{56555855-AB32-4A6D-B17B-FEB9014F276C}.Debug|x86.ActiveCfg = Debug|Win32
		{56555855-AB32-4A6D-B17B-FEB9014F276C}.Debug|x86.Build.0 = Debug|Win32
		{56555855-AB32-4A6D-B17B-FEB9014F276C}.Release|x64.ActiveCfg = Release|x64
		{56555855-AB32-4A6D-B17B-FEB9014F276C}.Release|x64.Build.0 = Release|x64
		{56555855-AB32-4A6D-B17B-FEB9014F276C}.Release|x86.ActiveCfg = Release|Win32
		{56555855-AB32-4A6D-B17B-FEB9014F276C}.Release|x86.Build.0 = Release|Win32
		{90961B5A-4919-4455-AEE5-CB92B1FEBF41}.Debug|x64.ActiveCfg = Debug|x64
		{90961B5A-4919-4455-AEE5-CB92B1FEBF41}.Debug|x64.Build.0 = Debug|x64
		{90961B5A-4919-4455-AEE5-CB92B1FEBF41}.Debug|x86.ActiveCfg = Debug|Win32
		{90961B5A-4919-4455-AEE5-CB92B1FEBF41}.Debug|x86.Build.0 = Debug|Win32
		{90961B5A-4919-4455-AEE5-CB92B1FEBF41}.Release|x64.ActiveCfg = Release|x64
		{90961B5A-4919-4455-AEE5-CB92B1FEBF41}.Release|x64.Build.0 = Release|x64
		{90961B5A-4919-4455-AEE5-CB92B1FEBF41}.Release|x86.ActiveCfg = Release|Win32
		{90961B5A-4919-4455-AEE5-CB92B1FEBF41}.Release|x86.Build.0 = Release|Win32
		{7B5F0995-D790-49EF-9551-BF830BC0DFF2}.Debug|x64.ActiveCfg = Debug|x64
		{7B5F0995-D790-49EF-9551-BF830BC0DFF2}.Debug|x64.Build.0 = Debug|x64
		{7B5F0995-D790-49EF-9551-BF830BC0DFF2}.Debug|x86.ActiveCfg = Debug|Win32
		{7B5F0995-D790-49EF-9551-BF830BC0DFF2}.Debug|x86.Build.0 = Debug|Win32
		{7B5F0995-D790-49EF-9551-BF830BC0DFF2}.Release|x64.ActiveCfg = Release|x64
		{7B5F0995-D790-49EF-9551-BF830BC0DFF2}.Release|x64.Build.0 = Release|x64
		{7B5F0995-D790-49EF-9551-BF830BC0DFF2}.Release|x86.ActiveCfg = Release|Win32
		{7B5F0995-D790-49EF-9551-BF830BC0DFF2}.Release|x86.Build.0 = Release|Win32
		{F0BAE739-6E39-405A-AE44-F06A33423A5D}.Debug|x64.ActiveCfg = Debug|x64
		{F0BAE739-6E39-405A-AE44-F06A33423A5D}.Debug|x64.Build.0 = Debug|x64
		{F0BAE739-6E39-405A-AE44-F06A33423A5D}.Debug|x86.ActiveCfg = Debug|Win32
		{F0BAE739-6E39-405A-AE44-F06A33423A5D}.Debug|x86.Build.0 = Debug|Win32
		{F0BAE739-6E39-405A-AE44-F06A33423A5D}.Release|x64.ActiveCfg = Release|x64
		{F0BAE739-6E39-405A-AE44-F06A33423A5D}.Release|x64.Build.0 = Release|x64
		{F0BAE739-6E39-405A-AE44-F06A33423A5D}.Release|x86.ActiveCfg = Release|Win32
		{F0BAE739-6E39-405A-AE44-F06A33423A5D}.Release|x86.Build.0 = Release|Win32
		{9CE57D12-BA91-4BD9-A0E2-4EDBCAEFE577}.Debug|x64.ActiveCfg = Debug|x64
		{9CE57D12-BA91-4BD9-A0E2-4EDBCAEFE577}.Debug|x64.Build.0 = Debug|x64
		{9CE57D12-BA91-4BD9-A0E2-4EDBCAEFE577}.Debug|x86.ActiveCfg = Debug|Win32
		{9CE57D12-BA91-4BD9-A0E2-4EDBCAEFE577}.Debug|x86.Build.0 = Debug|Win32
		{9CE57D12-BA91-4BD9-A0E2-4EDBCAEFE577}.Release|x64.ActiveCfg = Release|x64
		{9CE57D12-BA91-4BD9-A0E2-4EDBCAEFE577}.Release|x64.Build.0 = Release|x64
		{9CE57D12-BA91-4BD9-A0E2-4EDBCAEFE577}.Release|x86.ActiveCfg = Release|Win32
		{9CE57D12-BA91-4BD9-A0E2-4EDBCAEFE577}.Release|x86.Build.0 = Release|Win32
		{9D25BF82-ABF9-4F95-AA05-CA89AEA995AD}.Debug|x64.ActiveCfg = Debug|x64
		{9D25BF82-ABF9-4F95-AA05-CA89AEA995AD}.Debug|x64.Build.0 = Debug|x64
		{9D25BF82-ABF9-4F95-AA05-CA89AEA995AD}.Debug|x86.ActiveCfg = Debug|Win32
		{9D25BF82-ABF9-4F95-AA05-CA89AEA995AD}.Debug|x86.Build.0 = Debug|Win32
		{9D25BF82-ABF9-4F95-AA05-CA89AEA995AD}.Release|x64.ActiveCfg = Release|x64
		{9D25BF82-ABF9-4F95-AA05-CA89AEA995AD}.Release|x64.Build.0 = Release|x64
		{9D25BF82-ABF9-4F95-AA05-CA89AEA995AD}.Release|x86.ActiveCfg = Release|Win32
		{9D25BF82-ABF9-4F95-AA05-CA89AEA995AD}.Release|x86.Build.0 = Release|Win32
		{38C6D1CC-366B-48B5-B3F4-B2C473E03364}.Debug|x64.ActiveCfg = Debug|x64
		{38C6D1CC-366B-48B5-B3F4-B2C473E03364}.Debug|x64.Build.0 = Debug|x64
		{38C6D1CC-366B-48B5-B3F4-B2C473E03364}.Debug|x86.ActiveCfg = Debug|Win32
		{38C6D1CC-366B-48B5-B3F4-B2C473E03364}.Debug|x86.Build.0 = Debug|Win32
		{38C6D1CC-366B-48B5-B3F4-B2C473E03364}.Release|x64.ActiveCfg = Release|x64
		{38C6D1CC-366B-48B5-B3F4-B2C473E03364}.Release|x64.Build.0 = Release|x64
		{38C6D1CC-366B-48B5-B3F4-B2C473E03364}.Release|x86.ActiveCfg = Release|Win32
		{38C6D1CC-366B-48B5-B3F4-B2C473E03364}.Release|x86.Build.0 = Release|Win32
		{5871565A-04D0-41ED-B884-36F81F2834C1}.Debug|x64.ActiveCfg = Debug|x64
		{5871565A-04D0-41ED-B884-36F81F2834C1}.Debug|x64.Build.0 = Debug|x64
		{5871565A-04D0-41ED-B884-36F81F2834C1}.Debug|x86.ActiveCfg = Debug|Win32
		{5871565A-04D0-41ED-B884-36F81F2834C1}.Debug|x86.Build.0 = Debug|Win32
		{5871565A-04D0-41ED-B884-36F81F2834C1}.Release|x64.ActiveCfg = Release|x64
		{5871565A-04D0-41ED-B884-36F81F2834C1}.Release|x64.Build.0 = Release|x64
		{5871565A-04D0-41ED-B884-36F81F2834C1}.Release|x86.ActiveCfg = Release|Win32
		{5871565A-04D0-41ED-B884-36F81F2834C1}.Release|x86.Build.0 = Release|Win32
		{7965383C-C442-4426-A723-51BA8140ED7B}.Debug|x64.ActiveCfg = Debug|x64
		{7965383C-C442-4426-A723-51BA8140ED7B}.Debug|x64.Build.0 = Debug|x64
		{7965383C-C442-4426-A723-51BA8140ED7B}.Debug|x86.ActiveCfg = Debug|Win32
		{7965383C-C442-4426-A723-51BA8140ED7B}.Debug|x86.Build.0 = Debug|Win32
		{7965383C-C442-4426-A723-51BA8140ED7B}.Release|x64.ActiveCfg = Release|x64
		{7965383C-C442-4426-A723-51BA8140ED7B}.Release|x64.Build.0 = Release|x64
		{7965383C-C442-4426-A723-51BA8140ED7B}.Release|x86.ActiveCfg = Release|Win32
		{7965383C-C442-4426-A723-51BA8140ED7B}.Release|x86.Build.0 = Release|Win32
		{394BCEE7-C4DA-4F24-B93F-B6B0FA229C11}.Debug|x64.ActiveCfg = Debug|x64
		{394BCEE7-C4DA-4F24-B93F-B6B0FA229C11}.Debug|x64.Build.0 = Debug|x64
		{394BCEE7-C4DA-4F24-B93F-B6B0FA229C11}.Debug|x86.ActiveCfg = Debug|Win32
		{394BCEE7-C4DA-4F24-B93F-B6B0FA229C11}.Debug|x86.Build.0 = Debug|Win32
		{394BCEE7-C4DA-4F24-B93F-B6B0FA229C11}.Release|x64.ActiveCfg = Release|x64
		{394BCEE7-C4DA-4F24-B93F-B6B0FA229C11}.Release|x64.Build.0 = Release|x64
		{394BCEE7-C4DA-4F24-B93F-B6B0FA229C11}.Release|x86.ActiveCfg = Release|Win32
		{394BCEE7-C4DA-4F24-B93F-B6B0FA229C11}.Release|x86.Build.0 = Release|Win32
		{960C0695-FD5B-43A5-B6E8-3211E271D6DF}.Debug|x64.ActiveCfg = Debug|x64
		{960C0695-FD5B-43A5-B6E8-3211E271D6DF}.Debug|x64.Build.0 = Debug|x64
		{960C0695-FD5B-43A5-B6E8-3211E271D6DF}.Debug|x86.ActiveCfg = Debug|Win32
		{960C0695-FD5B-43A5-B6E8-3211E271D6DF}.Debug|x86.Build.0 = Debug|Win32
		{960C0695-FD5B-43A5-B6E8-3211E271D6DF}.Release|x64.ActiveCfg = Release|x64
		{960C0695-FD5B-43A5-B6E8-3211E271D6DF}.Release|x64.Build.0 = Release|x64
		{960C0695-FD5B-43A5-B6E8-3211E271D6DF}.Release|x86.ActiveCfg = Release|Win32
		{960C0695-FD5B-43A5-B6E8-3211E271D6DF}.Release|x86.Build.0 = Release|Win32
		{FE025658-27D7-4FFC-8249-93F0A23B28AD}.Debug|x64.ActiveCfg = Debug|x64
		{FE025658-27D7-4FFC-8249-93F0A23B28AD}.Debug|x64.Build.0 = Debug|x64
		{FE025658-27D7-4FFC-8249-93F0A23B28AD}.Debug|x86.ActiveCfg = Debug|Win32
		{FE025658-27D7-4FFC-8249-93F0A23B28AD}.Debug|x86.Build.0 = Debug|Win32
		{FE025658-27D7-4FFC-8249-93F0A23B28AD}.Release|x64.ActiveCfg = Release|x64
		{FE025658-27D7-4FFC-8249-93F0A23B28AD}.Release|x64.Build.0 = Release|x64
		{FE025658-27D7-4FFC-8249-93F0A23B28AD}.Release|x86.ActiveCfg = Release|Win32
		{FE025658-27D7-4FFC-8249-93F0A23B28AD}.Release|x86.Build.0 = Release|Win32
		{DAC1E12F-9112-49D4-BD6A-0C06AE1DF974}.Debug|x64.ActiveCfg = Debug|x64
		{DAC1E12F-9112-49D4-BD6A-0C06AE1DF974}.Debug|x64.Build.0 = Debug|x64
		{DAC1E12F-9112-49D4-BD6A-0C06AE1DF974}.Debug|x86.ActiveCfg = Debug|Win32
		{DAC1E12F-9112-49D4-BD6A-0C06AE1DF974}.Debug|x86.Build.0 = Debug|Win32
		{DAC1E12F-9112-49D4-BD6A-0C06AE1DF974}.Release|x64.ActiveCfg = Release|x64
		{DAC1E12F-9112-49D4-BD6A-0C06AE1DF974}.Release|x64.Build.0 = Release|x64
		{DAC1E12F-9112-49D4-BD6A-0C06AE1DF974}.Release|x86.ActiveCfg = Release|Win32
		{DAC1E12F-9112-49D4-BD6A-0C06AE1DF974}.Release|x86.Build.0 = Release|Win32
		{69868920-9C1B-4CF6-AA0C-FEB09F19F704}.Debug|x64.ActiveCfg = Debug|x64
		{69868920-9C1B-4CF6-AA0C-FEB09F19F704}.Debug|x64.Build.0 = Debug|x64
		{69868920-9C1B-4CF6-AA0C-FEB09F19F704}.Debug|x86.ActiveCfg = Debug|Win32
		{69868920-9C1B-4CF6-AA0C-FEB09F19F704}.Debug|x86.Build.0 = Debug|Win32
		{69868920-9C1B-4CF6-AA0C-FEB09F19F704}.Release|x64.ActiveCfg = Release|x64
		{69868920-9C1B-4CF6-AA0C-FEB09F19F704}.Release|x64.Build.0 = Release|x64
		{69868920-9C1B-4CF6-AA0C-FEB09F19F704}.Release|x86.ActiveCfg = Release|Win32
		{69868920-9C1B-4CF6-AA0C-FEB09F19F704}.Release|x86.Build.0 = Release|Win32
		{2DA550B8-EE8C-4407-B0C9-E801A818D0D0}.Debug|x64.ActiveCfg = Debug|x64
		{2DA550B8-EE8C-4407-B0C9-E801A818D0D0}.Debug|x64.Build.0 = Debug|x64
		{2DA550B8-EE8C-4407-B0C9-E801A818D0D0}.Debug|x86.ActiveCfg = Debug|Win32
		{2DA550B8-EE8C-4407-B0C9-E801A818D0D0}.Debug|x86.Build.0 = Debug|Win32
		{2DA550B8-EE8C-4407-B0C9-E801A818D0D0}.Release|x64.ActiveCfg = Release|x64
		{2DA550B8-EE8C-4407-B0C9-E801A818D0D0}.Release|x64.Build.0 = Release|x64
		{2DA550B8-EE8C-4407-B0C9-E801A818D0D0}.Release|x86.ActiveCfg = Release|Win32
		{2DA550B8-EE8C-4407-B0C9-E801A818D0D0}.Release|x86.Build.0 = Release|Win32
		{5A7EF700-BA5D-448E-8566-1B672945796B}.Debug|x64.ActiveCfg = Debug|x64
		{5A7EF700-BA5D-448E-8566-1B672945796B}.Debug|x64.Build.0 = Debug|x64
		{5A7EF700-BA5D-448E-8566-1B672945796B}.Debug|x86.ActiveCfg = Debug|Win32
		{5A7EF700-BA5D-448E-8566-1B672945796B}.Debug|x86.Build.0 = Debug|Win32
		{5A7EF700-BA5D-448E-8566-1B672945796B}.Release|x64.ActiveCfg = Release|x64
		{5A7EF700-BA5D-448E-8566-1B672945796B}.Release|x64.Build.0 = Release|x64
		{5A7EF700-BA5D-448E-8566-1B672945796B}.Release|x86.ActiveCfg = Release|Win32
		{5A7EF700-BA5D-448E-8566-1B672945796B}.Release|x86.Build.0 = Release|Win32
		{8D4250E7-08F8-47DF-80C5-8392DDB45BF5}.Debug|x64.ActiveCfg = Debug|x64
		{8D4250E7-08F8-47DF-80C5-8392DDB45BF5}.Debug|x64.Build.0 = Debug|x64
		{8D4250E7-08F8-47DF-80C5-8392DDB45BF5}.Debug|x86.ActiveCfg = Debug|Win32
		{8D4250E7-08F8-47DF-80C5-8392DDB45BF5}.Debug|x86.Build.0 = Debug|Win32
		{8D4250E7-08F8-47DF-80C5-8392DDB45BF5}.Release|x64.ActiveCfg = Release|x64
		{8D4250E7-08F8-47DF-80C5-8392DDB45BF5}.Release|x64.Build.0 = Release|x64
		{8D4250E7-08F8-47DF-80C5-8392DDB45BF5}.Release|x86.ActiveCfg = Release|Win32
		{8D4250E7-08F8-47DF-80C5-8392DDB45BF5}.Release|x86.Build.0 = Release|Win32
		{F65DFB5B-E19D-4C56-A6B9-4B519D0218EA}.Debug|x64.ActiveCfg = Debug|x64
		{F65DFB5B-E19D-4C56-A6B9-4B519D0218EA}.Debug|x64.Build.0 = Debug|x64
		{F65DFB5B-E19D-4C56-A6B9-4B519D0218EA}.Debug|x86.ActiveCfg = Debug|Win32
		{F65DFB5B-E19D-4C56-A6B9-4B519D0218EA}.Debug|x86.Build.0 = Debug|Win32
		{F65DFB5B-E19D-4C56-A6B9-4B519D0218EA}.Release|x64.ActiveCfg = Release|x64
		{F65DFB5B-E19D-4C56-A6B9-4B519D0218EA}.Release|x64.Build.0 = Release|x64
		{F65DFB5B-E19D-4C56-A6B9-4B519D0218EA}.Release|x86.ActiveCfg = Release|Win32
		{F65DFB5B-E19D-4C56-A6B9-4B519D0218EA}.Release|x86.Build.0 = Release|Win32
		{53F99387-E3FD-4429-9B4D-34EFAF92B058}.Debug|x64.ActiveCfg = Debug|x64
		{53F99387-E3FD-4429-9B4D-34EFAF92B058}.Debug|x64.Build.0 = Debug|x64
		{53F99387-E3FD-4429-9B4D-34EFAF92B058}.Debug|x86.ActiveCfg = Debug|Win32
		{53F99387-E3FD-4429-9B4D-34EFAF92B058}.Debug|x86.Build.0 = Debug|Win32
		{53F99387-E3FD-4429-9B4D-34EFAF92B058}.Release|x64.ActiveCfg = Release|x64
		{53F99387-E3FD-4429-9B4D-34EFAF92B058}.Release|x64.Build.0 = Release|x64
		{53F99387-E3FD-4429-9B4D-34EFAF92B058}.Release|x86.ActiveCfg = Release|Win32
		{53F99387-E3FD-4429-9B4D-34EFAF92B058}.Release|x86.Build.0 = Release|Win32
		{87512508-92D1-46A4-B760-D0EC3781F03F}.Debug|x64.ActiveCfg = Debug|x64
		{87512508-92D1-46A4-B760-D0EC3781F03F}.Debug|x64.Build.0 = Debug|x64
		{87512508-92D1-46A4-B760-D0EC3781F03F}.Debug|x86.ActiveCfg = Debug|Win32
		{87512508-92D1-46A4-B760-D0EC3781F03F}.Debug|x86.Build.0 = Debug|Win32
		{87512508-92D1-46A4-B760-D0EC3781F03F}.Release|x64.ActiveCfg = Release|x64
		{87512508-92D1-46A4-B760-D0EC3781F03F}.Release|x64.Build.0 = Release|x64
		{87512508-92D1-46A4-B760-D0EC3781F03F}.Release|x86.ActiveCfg = Release|Win32
		{87512508-92D1-46A4-B760-D0EC3781F03F}.Release|x86.Build.0 = Release|Win32
		{F80AD27A-26CC-4637-A00F-39C63719DDC2}.Debug|x64.ActiveCfg = Debug|x64
		{F80AD27A-26CC-4637-A00F-39C63719DDC2}.Debug|x64.Build.0 = Debug|x64
		{F80AD27A-26CC-4637-A00F-39C63719DDC2}.Debug|x86.ActiveCfg = Debug|Win32
		{F80AD27A-26CC-4637-A00F-39C63719DDC2}.Debug|x86.Build.0 = Debug|Win32
		{F80AD27A-26CC-4637-A00F-39C63719DDC2}.Release|x64.ActiveCfg = Release|x64
		{F80AD27A-26CC-4637-A00F-39C63719DDC2}.Release|x64.Build.0 = Release|x64
		{F80AD27A-26CC-4637-A00F-39C63719DDC2}.Release|x86.ActiveCfg = Release|Win32
		{F80AD27A-26CC-4637-A00F-39C63719DDC2}.Release|x86.Build.0 = Release|Win32
		{BA9D9A55-BC22-462C-9ECD-3E2284EF0412}.Debug|x64.ActiveCfg = Debug|x64
		{BA9D9A55-BC22-462C-9ECD-3E2284EF0412}.Debug|x64.Build.0 = Debug|x64
		{BA9D9A55-BC22-462C-9ECD-3E2284EF0412}.Debug|x86.ActiveCfg = Debug|Win32
		{BA9D9A55-BC22-462C-9ECD-3E2284EF0412}.Debug|x86.Build.0 = Debug|Win32
		{BA9D9A55-BC22-462C-9ECD-3E2284EF0412}.Release|x64.ActiveCfg = Release|x64
		{BA9D9A55-BC22-462C-9ECD-3E2284EF0412}.Release|x64.Build.0 = Release|x64
		{BA9D9A55-BC22-462C-9ECD-3E2284EF0412}.Release|x86.ActiveCfg = Release|Win32
		{BA9D9A55-BC22-462C-9ECD-3E2284EF0412}.Release|x86.Build.0 = Release|Win32
		{42FB5A95-7161-497E-BC14-C4C607BB665C}.Debug|x64.ActiveCfg = Debug|x64
		{42FB5A95-7161-497E-BC14-C4C607BB665C}.Debug|x64.Build.0 = Debug|x64
		{42FB5A95-7161-497E-BC14-C4C607BB665C}.Debug|x86.ActiveCfg = Debug|Win32
		{42FB5A95-7161-497E-BC14-C4C607BB665C}.Debug|x86.Build.0 = Debug|Win32
		{42FB5A95-7161-497E-BC14-C4C607BB665C}.Release|x64.ActiveCfg = Release|x64
		{42FB5A95-7161-497E-BC14-C4C607BB665C}.Release|x64.Build.0 = Release|x64
		{42FB5A95-7161-497E-BC14-C4C607BB665C}.Release|x86.ActiveCfg = Release|Win32
		{42FB5A95-7161-497E-BC14-C4C607BB665C}.Release|x86.Build.0 = Release|Win32
		{C3F7A600-F38D-44E7-8D75-0143F5B5F539}.Debug|x64.ActiveCfg = Debug|x64
		{C3F7A600-F38D-44E7-8D75-0143F5B5F539}.Debug|x64.Build.0 = Debug|x64
		{C3F7A600-F38D-44E7-8D75-0143F5B5F539}.Debug|x86.ActiveCfg = Debug|Win32
		{C3F7A600-F38D-44E7-8D75-0143F5B5F539}.Debug|x86.Build.0 = Debug|Win32
		{C3F7A600-F38D-44E7-8D75-0143F5B5F539}.Release|x64.ActiveCfg = Release|x64
		{C3F7A600-F38D-44E7-8D75-0143F5B5F539}.Release|x64.Build.0 = Release|x64
		{C3F7A600-F38D-44E7-8D75-0143F5B5F539}.Release|x86.ActiveCfg = Release|Win32
		{C3F7A600-F38D-44E7-8D75-0143F5B5F539}.Release|x86.Build.0 = Release|Win32
		{240DEA67-5577-4703-A2AB-BED476163B13}.Debug|x64.ActiveCfg = Debug|x64
		{240DEA67-5577-4703-A2AB-BED476163B13}.Debug|x64.Build.0 = Debug|x64
		{240DEA67-5577-4703-A2AB-BED476163B13}.Debug|x86.ActiveCfg = Debug|Win32
		{240DEA67-5577-4703-A2AB-BED476163B13}.Debug|x86.Build.0 = Debug|Win32
		{240DEA67-5577-4703-A2AB-BED476163B13}.Release|x64.ActiveCfg = Release|x64
		{240DEA67-5577-4703-A2AB-BED476163B13}.Release|x64.Build.0 = Release|x64
		{240DEA67-5577-4703-A2AB-BED476163B13}.Release|x86.ActiveCfg = Release|Win32
		{240DEA67-5577-4703-A2AB-BED476163B13}.Release|x86.Build.0 = Release|Win32
	EndGlobalSection
	GlobalSection(SolutionProperties) = preSolution
		HideSolutionNode = FALSE
	EndGlobalSection
	GlobalSection(ExtensibilityGlobals) = postSolution
		SolutionGuid = {79CD7625-1925-4496-9D11-69E0DD02D0A6}
	EndGlobalSection
EndGlobal
